Microsoft Visual Studio Solution File, Format Version 12.00
# Visual Studio Version 17
VisualStudioVersion = 17.5.2.0
MinimumVisualStudioVersion = 10.0.40219.1
Project("{FAE04EC0-301F-11D3-BF4B-00C04F79EFBC}") = "IIAPI", "IIAPI\IIAPI.csproj", "{B400C90C-E2AA-46E4-8186-759A8089BDB7}"
EndProject
Global
	GlobalSection(SolutionConfigurationPlatforms) = preSolution
		Debug|Any CPU = Debug|Any CPU
		Release|Any CPU = Release|Any CPU
	EndGlobalSection
	GlobalSection(ProjectConfigurationPlatforms) = postSolution
		{B400C90C-E2AA-46E4-8186-759A8089BDB7}.Debug|Any CPU.ActiveCfg = Debug|Any CPU
		{B400C90C-E2AA-46E4-8186-759A8089BDB7}.Debug|Any CPU.Build.0 = Debug|Any CPU
		{B400C90C-E2AA-46E4-8186-759A8089BDB7}.Release|Any CPU.ActiveCfg = Release|Any CPU
		{B400C90C-E2AA-46E4-8186-759A8089BDB7}.Release|Any CPU.Build.0 = Release|Any CPU
	EndGlobalSection
	GlobalSection(SolutionProperties) = preSolution
		HideSolutionNode = FALSE
	EndGlobalSection
	GlobalSection(ExtensibilityGlobals) = postSolution
		SolutionGuid = {C935A882-0DF5-4A1D-AF21-DB29CCD57865}
	EndGlobalSection
EndGlobal
